// !$*UTF8*$!
{
	archiveVersion = 1;
	classes = {
	};
	objectVersion = 56;
	objects = {

/* Begin PBXBuildFile section */
		BEA60E46BBA4090F025E4058 /* Aptabase in Frameworks */ = {isa = PBXBuildFile; productRef = 5961A56CCD5B160925F62BED /* Aptabase */; };
		C655F1792F74E2E00044CC01 /* Sparkle in Frameworks */ = {isa = PBXBuildFile; productRef = E5A0090229C12345001A2B3C /* Sparkle */; };
		C655F1802F74EA820044CC01 /* AssistantWindow.swift in Sources */ = {isa = PBXBuildFile; fileRef = C6C655502F6C44B4003A4BBD /* AssistantWindow.swift */; };
		C655F1812F74EA820044CC01 /* NotificationManager.swift in Sources */ = {isa = PBXBuildFile; fileRef = C6C655432F6C44B4003A4BBD /* NotificationManager.swift */; };
		C655F1822F74EA820044CC01 /* ContextAIApp.swift in Sources */ = {isa = PBXBuildFile; fileRef = C6C655532F6C44B4003A4BBD /* ContextAIApp.swift */; };
		C655F1832F74EA820044CC01 /* PromptStore.swift in Sources */ = {isa = PBXBuildFile; fileRef = C6C655442F6C44B4003A4BBD /* PromptStore.swift */; };
		C655F1842F74EA820044CC01 /* Localization.swift in Sources */ = {isa = PBXBuildFile; fileRef = C6C655422F6C44B4003A4BBD /* Localization.swift */; };
		C655F1852F74EA820044CC01 /* HotKeyManager.swift in Sources */ = {isa = PBXBuildFile; fileRef = C6C655402F6C44B4003A4BBD /* HotKeyManager.swift */; };
		C655F1862F74EA820044CC01 /* SyncManager.swift in Sources */ = {isa = PBXBuildFile; fileRef = C6C655452F6C44B4003A4BBD /* SyncManager.swift */; };
		C655F1872F74EA820044CC01 /* HistoryStore.swift in Sources */ = {isa = PBXBuildFile; fileRef = C6C6553F2F6C44B4003A4BBD /* HistoryStore.swift */; };
		C655F1882F74EA820044CC01 /* LLMClient.swift in Sources */ = {isa = PBXBuildFile; fileRef = C6C655412F6C44B4003A4BBD /* LLMClient.swift */; };
		C655F1892F74EA820044CC01 /* DebugLogger.swift in Sources */ = {isa = PBXBuildFile; fileRef = C6C6553E2F6C44B4003A4BBD /* DebugLogger.swift */; };
		C655F18A2F74EA820044CC01 /* SettingsView.swift in Sources */ = {isa = PBXBuildFile; fileRef = C6C655512F6C44B4003A4BBD /* SettingsView.swift */; };
		C655F18B2F74EA820044CC01 /* ContextDetector.swift in Sources */ = {isa = PBXBuildFile; fileRef = C6C6553D2F6C44B4003A4BBD /* ContextDetector.swift */; };
		C655F18C2F74EA820044CC01 /* Updater.swift in Sources */ = {isa = PBXBuildFile; fileRef = C6C656002F6C44B4003A4BBD /* Updater.swift */; };
		C655F18E2F760010004CC01 /* PopClipIntegration.swift in Sources */ = {isa = PBXBuildFile; fileRef = C655F19D2F760010004CC01 /* PopClipIntegration.swift */; };
		C655F18F2F74EA820044CC01 /* MarkdownUI in Frameworks */ = {isa = PBXBuildFile; productRef = C655F17B2F74EA820044CC01 /* MarkdownUI */; };
		C655F1912F74EA820044CC01 /* prompts.json in Resources */ = {isa = PBXBuildFile; fileRef = C6C6554E2F6C44B4003A4BBD /* prompts.json */; };
		C655F1922F74EA820044CC01 /* Assets.xcassets in Resources */ = {isa = PBXBuildFile; fileRef = C6C655472F6C44B4003A4BBD /* Assets.xcassets */; };
		C655F1932F74EA820044CC01 /* Localizable.strings in Resources */ = {isa = PBXBuildFile; fileRef = C6C6554D2F6C44B4003A4BBD /* Localizable.strings */; };
		C655F1942F74EA820044CC01 /* InfoPlist.strings in Resources */ = {isa = PBXBuildFile; fileRef = C6C6554A2F6C44B4003A4BBD /* InfoPlist.strings */; };
		C655F19A2F760001004CC01 /* PopClip in Resources */ = {isa = PBXBuildFile; fileRef = C655F19C2F760001004CC01 /* PopClip */; };
		C655F19B2F760001004CC01 /* PopClip in Resources */ = {isa = PBXBuildFile; fileRef = C655F19C2F760001004CC01 /* PopClip */; };
		C6C655352F6C2B67003A4BBD /* MarkdownUI in Frameworks */ = {isa = PBXBuildFile; productRef = E5A0090129C12345001A2B3C /* MarkdownUI */; };
		C6C655562F6C44B4003A4BBD /* AssistantWindow.swift in Sources */ = {isa = PBXBuildFile; fileRef = C6C655502F6C44B4003A4BBD /* AssistantWindow.swift */; };
		C6C655572F6C44B4003A4BBD /* NotificationManager.swift in Sources */ = {isa = PBXBuildFile; fileRef = C6C655432F6C44B4003A4BBD /* NotificationManager.swift */; };
		C6C655582F6C44B4003A4BBD /* ContextAIApp.swift in Sources */ = {isa = PBXBuildFile; fileRef = C6C655532F6C44B4003A4BBD /* ContextAIApp.swift */; };
		C6C655592F6C44B4003A4BBD /* PromptStore.swift in Sources */ = {isa = PBXBuildFile; fileRef = C6C655442F6C44B4003A4BBD /* PromptStore.swift */; };
		C6C6555A2F6C44B4003A4BBD /* Localization.swift in Sources */ = {isa = PBXBuildFile; fileRef = C6C655422F6C44B4003A4BBD /* Localization.swift */; };
		C6C6555B2F6C44B4003A4BBD /* HotKeyManager.swift in Sources */ = {isa = PBXBuildFile; fileRef = C6C655402F6C44B4003A4BBD /* HotKeyManager.swift */; };
		C6C6555C2F6C44B4003A4BBD /* SyncManager.swift in Sources */ = {isa = PBXBuildFile; fileRef = C6C655452F6C44B4003A4BBD /* SyncManager.swift */; };
		C6C6555D2F6C44B4003A4BBD /* HistoryStore.swift in Sources */ = {isa = PBXBuildFile; fileRef = C6C6553F2F6C44B4003A4BBD /* HistoryStore.swift */; };
		C6C6555E2F6C44B4003A4BBD /* LLMClient.swift in Sources */ = {isa = PBXBuildFile; fileRef = C6C655412F6C44B4003A4BBD /* LLMClient.swift */; };
		C6C6555F2F6C44B4003A4BBD /* DebugLogger.swift in Sources */ = {isa = PBXBuildFile; fileRef = C6C6553E2F6C44B4003A4BBD /* DebugLogger.swift */; };
		C6C655602F6C44B4003A4BBD /* SettingsView.swift in Sources */ = {isa = PBXBuildFile; fileRef = C6C655512F6C44B4003A4BBD /* SettingsView.swift */; };
		C6C655612F6C44B4003A4BBD /* ContextDetector.swift in Sources */ = {isa = PBXBuildFile; fileRef = C6C6553D2F6C44B4003A4BBD /* ContextDetector.swift */; };
		C6C655622F6C44B4003A4BBD /* prompts.json in Resources */ = {isa = PBXBuildFile; fileRef = C6C6554E2F6C44B4003A4BBD /* prompts.json */; };
		C6C655632F6C44B4003A4BBD /* Assets.xcassets in Resources */ = {isa = PBXBuildFile; fileRef = C6C655472F6C44B4003A4BBD /* Assets.xcassets */; };
		C6C655642F6C44B4003A4BBD /* Localizable.strings in Resources */ = {isa = PBXBuildFile; fileRef = C6C6554D2F6C44B4003A4BBD /* Localizable.strings */; };
		C6C655652F6C44B4003A4BBD /* InfoPlist.strings in Resources */ = {isa = PBXBuildFile; fileRef = C6C6554A2F6C44B4003A4BBD /* InfoPlist.strings */; };
		C6C655662F760010003A4BBD /* PopClipIntegration.swift in Sources */ = {isa = PBXBuildFile; fileRef = C655F19D2F760010004CC01 /* PopClipIntegration.swift */; };
		C6C655A32F6C44B4003A4BBD /* SelectionManager.swift in Sources */ = {isa = PBXBuildFile; fileRef = C6C655A12F6C44B4003A4BBD /* SelectionManager.swift */; };
		C6C655A42F6C44B4003A4BBD /* OCRManager.swift in Sources */ = {isa = PBXBuildFile; fileRef = C6C655A22F6C44B4003A4BBD /* OCRManager.swift */; };
		C6C655A52F6C44B4003A4BBD /* SelectionManager.swift in Sources */ = {isa = PBXBuildFile; fileRef = C6C655A12F6C44B4003A4BBD /* SelectionManager.swift */; };
		C6C655A62F6C44B4003A4BBD /* OCRManager.swift in Sources */ = {isa = PBXBuildFile; fileRef = C6C655A22F6C44B4003A4BBD /* OCRManager.swift */; };
		C6C655B12F6C44B4003A4BBD /* AppBlocklist.swift in Sources */ = {isa = PBXBuildFile; fileRef = C6C655B02F6C44B4003A4BBD /* AppBlocklist.swift */; };
		C6C655B22F6C44B4003A4BBD /* AppBlocklist.swift in Sources */ = {isa = PBXBuildFile; fileRef = C6C655B02F6C44B4003A4BBD /* AppBlocklist.swift */; };
		C6C655F12F6C44B4003A4BBD /* DockingManager.swift in Sources */ = {isa = PBXBuildFile; fileRef = C6C655FB2F6C44B4003A4BBD /* DockingManager.swift */; };
		C6C655F22F6C44B4003A4BBD /* AdsorptionIconView.swift in Sources */ = {isa = PBXBuildFile; fileRef = C6C655FC2F6C44B4003A4BBD /* AdsorptionIconView.swift */; };
		C6C655F32F6C44B4003A4BBD /* DockingManager.swift in Sources */ = {isa = PBXBuildFile; fileRef = C6C655FB2F6C44B4003A4BBD /* DockingManager.swift */; };
		C6C655F42F6C44B4003A4BBD /* AdsorptionIconView.swift in Sources */ = {isa = PBXBuildFile; fileRef = C6C655FC2F6C44B4003A4BBD /* AdsorptionIconView.swift */; };
		C6C655F62F6C44B4003A4BBD /* DockingState.swift in Sources */ = {isa = PBXBuildFile; fileRef = C6C655F52F6C44B4003A4BBD /* DockingState.swift */; };
		C6C655F72F6C44B4003A4BBD /* DockingState.swift in Sources */ = {isa = PBXBuildFile; fileRef = C6C655F52F6C44B4003A4BBD /* DockingState.swift */; };
		C6C656012F6C44B4003A4BBD /* Updater.swift in Sources */ = {isa = PBXBuildFile; fileRef = C6C656002F6C44B4003A4BBD /* Updater.swift */; };
		DACC675DD80DC12CD7E3D1A3 /* Aptabase in Frameworks */ = {isa = PBXBuildFile; productRef = 49FBBE256A8DA1A06B045D64 /* Aptabase */; };
/* End PBXBuildFile section */

/* Begin PBXFileReference section */
		C655F1982F74EA820044CC01 /* Sidey-Appstore.app */ = {isa = PBXFileReference; explicitFileType = wrapper.application; includeInIndex = 0; path = "Sidey-Appstore.app"; sourceTree = BUILT_PRODUCTS_DIR; };
		C655F1992F74EA830044CC01 /* Sidey-Appstore-Info.plist */ = {isa = PBXFileReference; lastKnownFileType = text.plist.xml; name = "Sidey-Appstore-Info.plist"; path = "/Users/chentao/Projects/chentao1006/sidey/Sidey-Appstore-Info.plist"; sourceTree = "<absolute>"; };
		C655F19C2F760001004CC01 /* PopClip */ = {isa = PBXFileReference; lastKnownFileType = folder; path = PopClip; sourceTree = "<group>"; };
		C655F19D2F760010004CC01 /* PopClipIntegration.swift */ = {isa = PBXFileReference; lastKnownFileType = sourcecode.swift; path = PopClipIntegration.swift; sourceTree = "<group>"; };
		C6C6553D2F6C44B4003A4BBD /* ContextDetector.swift */ = {isa = PBXFileReference; lastKnownFileType = sourcecode.swift; path = ContextDetector.swift; sourceTree = "<group>"; };
		C6C6553E2F6C44B4003A4BBD /* DebugLogger.swift */ = {isa = PBXFileReference; lastKnownFileType = sourcecode.swift; path = DebugLogger.swift; sourceTree = "<group>"; };
		C6C6553F2F6C44B4003A4BBD /* HistoryStore.swift */ = {isa = PBXFileReference; lastKnownFileType = sourcecode.swift; path = HistoryStore.swift; sourceTree = "<group>"; };
		C6C655402F6C44B4003A4BBD /* HotKeyManager.swift */ = {isa = PBXFileReference; lastKnownFileType = sourcecode.swift; path = HotKeyManager.swift; sourceTree = "<group>"; };
		C6C655412F6C44B4003A4BBD /* LLMClient.swift */ = {isa = PBXFileReference; lastKnownFileType = sourcecode.swift; path = LLMClient.swift; sourceTree = "<group>"; };
		C6C655422F6C44B4003A4BBD /* Localization.swift */ = {isa = PBXFileReference; lastKnownFileType = sourcecode.swift; path = Localization.swift; sourceTree = "<group>"; };
		C6C655432F6C44B4003A4BBD /* NotificationManager.swift */ = {isa = PBXFileReference; lastKnownFileType = sourcecode.swift; path = NotificationManager.swift; sourceTree = "<group>"; };
		C6C655442F6C44B4003A4BBD /* PromptStore.swift */ = {isa = PBXFileReference; lastKnownFileType = sourcecode.swift; path = PromptStore.swift; sourceTree = "<group>"; };
		C6C655452F6C44B4003A4BBD /* SyncManager.swift */ = {isa = PBXFileReference; lastKnownFileType = sourcecode.swift; path = SyncManager.swift; sourceTree = "<group>"; };
		C6C655472F6C44B4003A4BBD /* Assets.xcassets */ = {isa = PBXFileReference; lastKnownFileType = folder.assetcatalog; path = Assets.xcassets; sourceTree = "<group>"; };
		C6C655482F6C44B4003A4BBD /* en */ = {isa = PBXFileReference; lastKnownFileType = text.plist.strings; name = en; path = en.lproj/InfoPlist.strings; sourceTree = "<group>"; };
		C6C655492F6C44B4003A4BBD /* zh-Hans */ = {isa = PBXFileReference; lastKnownFileType = text.plist.strings; name = "zh-Hans"; path = "zh-Hans.lproj/InfoPlist.strings"; sourceTree = "<group>"; };
		C6C6554B2F6C44B4003A4BBD /* en */ = {isa = PBXFileReference; lastKnownFileType = text.plist.strings; name = en; path = en.lproj/Localizable.strings; sourceTree = "<group>"; };
		C6C6554C2F6C44B4003A4BBD /* zh-Hans */ = {isa = PBXFileReference; lastKnownFileType = text.plist.strings; name = "zh-Hans"; path = "zh-Hans.lproj/Localizable.strings"; sourceTree = "<group>"; };
		C6C6554E2F6C44B4003A4BBD /* prompts.json */ = {isa = PBXFileReference; lastKnownFileType = text.json; path = prompts.json; sourceTree = "<group>"; };
		C6C655502F6C44B4003A4BBD /* AssistantWindow.swift */ = {isa = PBXFileReference; lastKnownFileType = sourcecode.swift; path = AssistantWindow.swift; sourceTree = "<group>"; };
		C6C655512F6C44B4003A4BBD /* SettingsView.swift */ = {isa = PBXFileReference; lastKnownFileType = sourcecode.swift; path = SettingsView.swift; sourceTree = "<group>"; };
		C6C655532F6C44B4003A4BBD /* ContextAIApp.swift */ = {isa = PBXFileReference; lastKnownFileType = sourcecode.swift; path = ContextAIApp.swift; sourceTree = "<group>"; };
		C6C655542F6C44B4003A4BBD /* Sidey.entitlements */ = {isa = PBXFileReference; lastKnownFileType = text.plist.entitlements; path = Sidey.entitlements; sourceTree = "<group>"; };
		C6C655A12F6C44B4003A4BBD /* SelectionManager.swift */ = {isa = PBXFileReference; lastKnownFileType = sourcecode.swift; path = SelectionManager.swift; sourceTree = "<group>"; };
		C6C655A22F6C44B4003A4BBD /* OCRManager.swift */ = {isa = PBXFileReference; lastKnownFileType = sourcecode.swift; path = OCRManager.swift; sourceTree = "<group>"; };
		C6C655B02F6C44B4003A4BBD /* AppBlocklist.swift */ = {isa = PBXFileReference; lastKnownFileType = sourcecode.swift; path = AppBlocklist.swift; sourceTree = "<group>"; };
		C6C655F52F6C44B4003A4BBD /* DockingState.swift */ = {isa = PBXFileReference; lastKnownFileType = sourcecode.swift; path = DockingState.swift; sourceTree = "<group>"; };
		C6C655FB2F6C44B4003A4BBD /* DockingManager.swift */ = {isa = PBXFileReference; lastKnownFileType = sourcecode.swift; path = DockingManager.swift; sourceTree = "<group>"; };
		C6C655FC2F6C44B4003A4BBD /* AdsorptionIconView.swift */ = {isa = PBXFileReference; lastKnownFileType = sourcecode.swift; path = AdsorptionIconView.swift; sourceTree = "<group>"; };
		C6C656002F6C44B4003A4BBD /* Updater.swift */ = {isa = PBXFileReference; lastKnownFileType = sourcecode.swift; path = Updater.swift; sourceTree = "<group>"; };
		C6C657012F7A0001003A4BBD /* ja */ = {isa = PBXFileReference; lastKnownFileType = text.plist.strings; name = ja; path = ja.lproj/Localizable.strings; sourceTree = "<group>"; };
		C6C657022F7A0001003A4BBD /* ko */ = {isa = PBXFileReference; lastKnownFileType = text.plist.strings; name = ko; path = ko.lproj/Localizable.strings; sourceTree = "<group>"; };
		C6C657032F7A0001003A4BBD /* de */ = {isa = PBXFileReference; lastKnownFileType = text.plist.strings; name = de; path = de.lproj/Localizable.strings; sourceTree = "<group>"; };
		C6C657042F7A0001003A4BBD /* fr */ = {isa = PBXFileReference; lastKnownFileType = text.plist.strings; name = fr; path = fr.lproj/Localizable.strings; sourceTree = "<group>"; };
		C6C657052F7A0001003A4BBD /* es */ = {isa = PBXFileReference; lastKnownFileType = text.plist.strings; name = es; path = es.lproj/Localizable.strings; sourceTree = "<group>"; };
		C6C657062F7A0001003A4BBD /* it */ = {isa = PBXFileReference; lastKnownFileType = text.plist.strings; name = it; path = it.lproj/Localizable.strings; sourceTree = "<group>"; };
		C6C657112F7A0001003A4BBD /* ja */ = {isa = PBXFileReference; lastKnownFileType = text.plist.strings; name = ja; path = ja.lproj/InfoPlist.strings; sourceTree = "<group>"; };
		C6C657122F7A0001003A4BBD /* ko */ = {isa = PBXFileReference; lastKnownFileType = text.plist.strings; name = ko; path = ko.lproj/InfoPlist.strings; sourceTree = "<group>"; };
		C6C657132F7A0001003A4BBD /* de */ = {isa = PBXFileReference; lastKnownFileType = text.plist.strings; name = de; path = de.lproj/InfoPlist.strings; sourceTree = "<group>"; };
		C6C657142F7A0001003A4BBD /* fr */ = {isa = PBXFileReference; lastKnownFileType = text.plist.strings; name = fr; path = fr.lproj/InfoPlist.strings; sourceTree = "<group>"; };
		C6C657152F7A0001003A4BBD /* es */ = {isa = PBXFileReference; lastKnownFileType = text.plist.strings; name = es; path = es.lproj/InfoPlist.strings; sourceTree = "<group>"; };
		C6C657162F7A0001003A4BBD /* it */ = {isa = PBXFileReference; lastKnownFileType = text.plist.strings; name = it; path = it.lproj/InfoPlist.strings; sourceTree = "<group>"; };
		E5A0020129C12345001A2B3C /* Sidey.app */ = {isa = PBXFileReference; explicitFileType = wrapper.application; includeInIndex = 0; path = Sidey.app; sourceTree = BUILT_PRODUCTS_DIR; };
		E5A0020229C12345001A2B3C /* Info.plist */ = {isa = PBXFileReference; lastKnownFileType = text.plist.xml; path = Info.plist; sourceTree = "<group>"; };
/* End PBXFileReference section */

/* Begin PBXFrameworksBuildPhase section */
		C655F18D2F74EA820044CC01 /* Frameworks */ = {
			isa = PBXFrameworksBuildPhase;
			buildActionMask = 2147483647;
			files = (
				C655F18F2F74EA820044CC01 /* MarkdownUI in Frameworks */,
				BEA60E46BBA4090F025E4058 /* Aptabase in Frameworks */,
			);
			runOnlyForDeploymentPostprocessing = 0;
		};
		E5A0030129C12345001A2B3C /* Frameworks */ = {
			isa = PBXFrameworksBuildPhase;
			buildActionMask = 2147483647;
			files = (
				C655F1792F74E2E00044CC01 /* Sparkle in Frameworks */,
				C6C655352F6C2B67003A4BBD /* MarkdownUI in Frameworks */,
				DACC675DD80DC12CD7E3D1A3 /* Aptabase in Frameworks */,
			);
			runOnlyForDeploymentPostprocessing = 0;
		};
/* End PBXFrameworksBuildPhase section */

/* Begin PBXGroup section */
		C6C655462F6C44B4003A4BBD /* Core */ = {
			isa = PBXGroup;
			children = (
				C6C655FB2F6C44B4003A4BBD /* DockingManager.swift */,
				C6C655F52F6C44B4003A4BBD /* DockingState.swift */,
				C6C6553D2F6C44B4003A4BBD /* ContextDetector.swift */,
				C6C6553E2F6C44B4003A4BBD /* DebugLogger.swift */,
				C6C6553F2F6C44B4003A4BBD /* HistoryStore.swift */,
				C6C655402F6C44B4003A4BBD /* HotKeyManager.swift */,
				C6C655412F6C44B4003A4BBD /* LLMClient.swift */,
				C6C655422F6C44B4003A4BBD /* Localization.swift */,
				C6C655432F6C44B4003A4BBD /* NotificationManager.swift */,
				C655F19D2F760010004CC01 /* PopClipIntegration.swift */,
				C6C655442F6C44B4003A4BBD /* PromptStore.swift */,
				C6C655452F6C44B4003A4BBD /* SyncManager.swift */,
				C6C655A12F6C44B4003A4BBD /* SelectionManager.swift */,
				C6C655A22F6C44B4003A4BBD /* OCRManager.swift */,
				C6C655B02F6C44B4003A4BBD /* AppBlocklist.swift */,
			);
			path = Core;
			sourceTree = "<group>";
		};
		C6C6554F2F6C44B4003A4BBD /* Resources */ = {
			isa = PBXGroup;
			children = (
				C6C655472F6C44B4003A4BBD /* Assets.xcassets */,
				C6C6554A2F6C44B4003A4BBD /* InfoPlist.strings */,
				C6C6554D2F6C44B4003A4BBD /* Localizable.strings */,
				C6C6554E2F6C44B4003A4BBD /* prompts.json */,
			);
			path = Resources;
			sourceTree = "<group>";
		};
		C6C655522F6C44B4003A4BBD /* UI */ = {
			isa = PBXGroup;
			children = (
				C6C655FC2F6C44B4003A4BBD /* AdsorptionIconView.swift */,
				C6C655502F6C44B4003A4BBD /* AssistantWindow.swift */,
				C6C655512F6C44B4003A4BBD /* SettingsView.swift */,
			);
			path = UI;
			sourceTree = "<group>";
		};
		C6C655552F6C44B4003A4BBD /* Sidey */ = {
			isa = PBXGroup;
			children = (
				C6C655462F6C44B4003A4BBD /* Core */,
				C6C6554F2F6C44B4003A4BBD /* Resources */,
				C6C655522F6C44B4003A4BBD /* UI */,
				C6C655532F6C44B4003A4BBD /* ContextAIApp.swift */,
				C6C656002F6C44B4003A4BBD /* Updater.swift */,
				C6C655542F6C44B4003A4BBD /* Sidey.entitlements */,
			);
			path = Sidey;
			sourceTree = "<group>";
		};
		E5A0040129C12345001A2B3C = {
			isa = PBXGroup;
			children = (
				C6C655552F6C44B4003A4BBD /* Sidey */,
				C655F19C2F760001004CC01 /* PopClip */,
				E5A0020229C12345001A2B3C /* Info.plist */,
				E5A0040529C12345001A2B3C /* Products */,
				E5A0040629C12345001A2B3C /* Frameworks */,
				C655F1992F74EA830044CC01 /* Sidey-Appstore-Info.plist */,
			);
			sourceTree = "<group>";
		};
		E5A0040529C12345001A2B3C /* Products */ = {
			isa = PBXGroup;
			children = (
				E5A0020129C12345001A2B3C /* Sidey.app */,
				C655F1982F74EA820044CC01 /* Sidey-Appstore.app */,
			);
			name = Products;
			sourceTree = "<group>";
		};
		E5A0040629C12345001A2B3C /* Frameworks */ = {
			isa = PBXGroup;
			children = (
			);
			name = Frameworks;
			sourceTree = "<group>";
		};
/* End PBXGroup section */

/* Begin PBXNativeTarget section */
		C655F17A2F74EA820044CC01 /* Sidey-Appstore */ = {
			isa = PBXNativeTarget;
			buildConfigurationList = C655F1952F74EA820044CC01 /* Build configuration list for PBXNativeTarget "Sidey-Appstore" */;
			buildPhases = (
				C655F17F2F74EA820044CC01 /* Sources */,
				C655F18D2F74EA820044CC01 /* Frameworks */,
				C655F1902F74EA820044CC01 /* Resources */,
			);
			buildRules = (
			);
			dependencies = (
			);
			name = "Sidey-Appstore";
			packageProductDependencies = (
				C655F17B2F74EA820044CC01 /* MarkdownUI */,
				5961A56CCD5B160925F62BED /* Aptabase */,
			);
			productName = Sidey;
			productReference = C655F1982F74EA820044CC01 /* Sidey-Appstore.app */;
			productType = "com.apple.product-type.application";
		};
		E5A0050129C12345001A2B3C /* Sidey */ = {
			isa = PBXNativeTarget;
			buildConfigurationList = E5A0060129C12345001A2B3C /* Build configuration list for PBXNativeTarget "Sidey" */;
			buildPhases = (
				E5A0070129C12345001A2B3C /* Sources */,
				E5A0030129C12345001A2B3C /* Frameworks */,
				E5A0080129C12345001A2B3C /* Resources */,
			);
			buildRules = (
			);
			dependencies = (
			);
			name = Sidey;
			packageProductDependencies = (
				E5A0090129C12345001A2B3C /* MarkdownUI */,
				E5A0090229C12345001A2B3C /* Sparkle */,
				49FBBE256A8DA1A06B045D64 /* Aptabase */,
			);
			productName = Sidey;
			productReference = E5A0020129C12345001A2B3C /* Sidey.app */;
			productType = "com.apple.product-type.application";
		};
/* End PBXNativeTarget section */

/* Begin PBXProject section */
		E5A0000029C12345001A2B3C /* Project object */ = {
			isa = PBXProject;
			attributes = {
				BuildConfigurationsListCheck = 1;
				BuildIndependentTargetsInParallel = YES;
				LastSwiftUpdateCheck = 1420;
				LastUpgradeCheck = 2630;
				TargetAttributes = {
					E5A0050129C12345001A2B3C = {
						CreatedOnToolsVersion = 14.2;
					};
				};
			};
			buildConfigurationList = E5A0060229C12345001A2B3C /* Build configuration list for PBXProject "Sidey" */;
			compatibilityVersion = "Xcode 14.0";
			developmentRegion = en;
			hasScannedForEncodings = 0;
			knownRegions = (
				en,
				Base,
				"zh-Hans",
				ja,
				ko,
				de,
				fr,
				es,
				it,
			);
			mainGroup = E5A0040129C12345001A2B3C;
			packageReferences = (
				E5A00A0129C12345001A2B3C /* XCRemoteSwiftPackageReference "MarkdownUI" */,
				E5A00A0229C12345001A2B3C /* XCRemoteSwiftPackageReference "Sparkle" */,
				5F14DAAE3C95EB665BCC2671 /* XCRemoteSwiftPackageReference "aptabase-swift" */,
			);
			productRefGroup = E5A0040529C12345001A2B3C /* Products */;
			projectDirPath = "";
			projectRoot = "";
			targets = (
				E5A0050129C12345001A2B3C /* Sidey */,
				C655F17A2F74EA820044CC01 /* Sidey-Appstore */,
			);
		};
/* End PBXProject section */

/* Begin PBXResourcesBuildPhase section */
		C655F1902F74EA820044CC01 /* Resources */ = {
			isa = PBXResourcesBuildPhase;
			buildActionMask = 2147483647;
			files = (
				C655F1912F74EA820044CC01 /* prompts.json in Resources */,
				C655F1922F74EA820044CC01 /* Assets.xcassets in Resources */,
				C655F1932F74EA820044CC01 /* Localizable.strings in Resources */,
				C655F1942F74EA820044CC01 /* InfoPlist.strings in Resources */,
				C655F19A2F760001004CC01 /* PopClip in Resources */,
			);
			runOnlyForDeploymentPostprocessing = 0;
		};
		E5A0080129C12345001A2B3C /* Resources */ = {
			isa = PBXResourcesBuildPhase;
			buildActionMask = 2147483647;
			files = (
				C6C655622F6C44B4003A4BBD /* prompts.json in Resources */,
				C6C655632F6C44B4003A4BBD /* Assets.xcassets in Resources */,
				C6C655642F6C44B4003A4BBD /* Localizable.strings in Resources */,
				C6C655652F6C44B4003A4BBD /* InfoPlist.strings in Resources */,
				C655F19B2F760001004CC01 /* PopClip in Resources */,
			);
			runOnlyForDeploymentPostprocessing = 0;
		};
/* End PBXResourcesBuildPhase section */

/* Begin PBXSourcesBuildPhase section */
		C655F17F2F74EA820044CC01 /* Sources */ = {
			isa = PBXSourcesBuildPhase;
			buildActionMask = 2147483647;
			files = (
				C6C655F12F6C44B4003A4BBD /* DockingManager.swift in Sources */,
				C6C655F22F6C44B4003A4BBD /* AdsorptionIconView.swift in Sources */,
				C6C655F62F6C44B4003A4BBD /* DockingState.swift in Sources */,
				C655F1802F74EA820044CC01 /* AssistantWindow.swift in Sources */,
				C655F1812F74EA820044CC01 /* NotificationManager.swift in Sources */,
				C655F1822F74EA820044CC01 /* ContextAIApp.swift in Sources */,
				C655F1832F74EA820044CC01 /* PromptStore.swift in Sources */,
				C655F1842F74EA820044CC01 /* Localization.swift in Sources */,
				C655F1852F74EA820044CC01 /* HotKeyManager.swift in Sources */,
				C655F1862F74EA820044CC01 /* SyncManager.swift in Sources */,
				C655F1872F74EA820044CC01 /* HistoryStore.swift in Sources */,
				C655F1882F74EA820044CC01 /* LLMClient.swift in Sources */,
				C655F1892F74EA820044CC01 /* DebugLogger.swift in Sources */,
				C655F18A2F74EA820044CC01 /* SettingsView.swift in Sources */,
				C655F18B2F74EA820044CC01 /* ContextDetector.swift in Sources */,
				C655F18E2F760010004CC01 /* PopClipIntegration.swift in Sources */,
				C6C655A52F6C44B4003A4BBD /* SelectionManager.swift in Sources */,
				C6C655A62F6C44B4003A4BBD /* OCRManager.swift in Sources */,
				C6C655B12F6C44B4003A4BBD /* AppBlocklist.swift in Sources */,
				C655F18C2F74EA820044CC01 /* Updater.swift in Sources */,
			);
			runOnlyForDeploymentPostprocessing = 0;
		};
		E5A0070129C12345001A2B3C /* Sources */ = {
			isa = PBXSourcesBuildPhase;
			buildActionMask = 2147483647;
			files = (
				C6C655F32F6C44B4003A4BBD /* DockingManager.swift in Sources */,
				C6C655F42F6C44B4003A4BBD /* AdsorptionIconView.swift in Sources */,
				C6C655F72F6C44B4003A4BBD /* DockingState.swift in Sources */,
				C6C655562F6C44B4003A4BBD /* AssistantWindow.swift in Sources */,
				C6C655572F6C44B4003A4BBD /* NotificationManager.swift in Sources */,
				C6C655582F6C44B4003A4BBD /* ContextAIApp.swift in Sources */,
				C6C655592F6C44B4003A4BBD /* PromptStore.swift in Sources */,
				C6C6555A2F6C44B4003A4BBD /* Localization.swift in Sources */,
				C6C6555B2F6C44B4003A4BBD /* HotKeyManager.swift in Sources */,
				C6C6555C2F6C44B4003A4BBD /* SyncManager.swift in Sources */,
				C6C6555D2F6C44B4003A4BBD /* HistoryStore.swift in Sources */,
				C6C6555E2F6C44B4003A4BBD /* LLMClient.swift in Sources */,
				C6C6555F2F6C44B4003A4BBD /* DebugLogger.swift in Sources */,
				C6C655602F6C44B4003A4BBD /* SettingsView.swift in Sources */,
				C6C655612F6C44B4003A4BBD /* ContextDetector.swift in Sources */,
				C6C655662F760010003A4BBD /* PopClipIntegration.swift in Sources */,
				C6C656012F6C44B4003A4BBD /* Updater.swift in Sources */,
				C6C655A32F6C44B4003A4BBD /* SelectionManager.swift in Sources */,
				C6C655A42F6C44B4003A4BBD /* OCRManager.swift in Sources */,
				C6C655B22F6C44B4003A4BBD /* AppBlocklist.swift in Sources */,
			);
			runOnlyForDeploymentPostprocessing = 0;
		};
/* End PBXSourcesBuildPhase section */

/* Begin PBXVariantGroup section */
		C6C6554A2F6C44B4003A4BBD /* InfoPlist.strings */ = {
			isa = PBXVariantGroup;
			children = (
				C6C655482F6C44B4003A4BBD /* en */,
				C6C655492F6C44B4003A4BBD /* zh-Hans */,
				C6C657112F7A0001003A4BBD /* ja */,
				C6C657122F7A0001003A4BBD /* ko */,
				C6C657132F7A0001003A4BBD /* de */,
				C6C657142F7A0001003A4BBD /* fr */,
				C6C657152F7A0001003A4BBD /* es */,
				C6C657162F7A0001003A4BBD /* it */,
			);
			name = InfoPlist.strings;
			sourceTree = "<group>";
		};
		C6C6554D2F6C44B4003A4BBD /* Localizable.strings */ = {
			isa = PBXVariantGroup;
			children = (
				C6C6554B2F6C44B4003A4BBD /* en */,
				C6C6554C2F6C44B4003A4BBD /* zh-Hans */,
				C6C657012F7A0001003A4BBD /* ja */,
				C6C657022F7A0001003A4BBD /* ko */,
				C6C657032F7A0001003A4BBD /* de */,
				C6C657042F7A0001003A4BBD /* fr */,
				C6C657052F7A0001003A4BBD /* es */,
				C6C657062F7A0001003A4BBD /* it */,
			);
			name = Localizable.strings;
			sourceTree = "<group>";
		};
/* End PBXVariantGroup section */

/* Begin XCBuildConfiguration section */
		C655F1962F74EA820044CC01 /* Debug */ = {
			isa = XCBuildConfiguration;
			buildSettings = {
				ASSETCATALOG_COMPILER_APPICON_NAME = AppIcon;
				ASSETCATALOG_COMPILER_GLOBAL_ACCENT_COLOR_NAME = AccentColor;
				ASSETCATALOG_COMPILER_INCLUDE_ALL_APPICON_ASSETS = YES;
				CODE_SIGN_ENTITLEMENTS = Sidey/Sidey.entitlements;
				CODE_SIGN_IDENTITY = "Apple Development";
				CODE_SIGN_STYLE = Automatic;
				COMBINE_HIDPI_IMAGES = YES;
				CURRENT_PROJECT_VERSION = 43;
				DEAD_CODE_STRIPPING = YES;
				ENABLE_APP_SANDBOX = YES;
				ENABLE_HARDENED_RUNTIME = YES;
				ENABLE_OUTGOING_NETWORK_CONNECTIONS = YES;
				ENABLE_PREVIEWS = YES;
				ENABLE_USER_SELECTED_FILES = readwrite;
				INFOPLIST_FILE = "Sidey-Appstore-Info.plist";
				INFOPLIST_KEY_CFBundleDisplayName = Sidey;
				INFOPLIST_KEY_LSApplicationCategoryType = "public.app-category.utilities";
				LD_RUNPATH_SEARCH_PATHS = (
					"$(inherited)",
					"@executable_path/../Frameworks",
				);
				MACOSX_DEPLOYMENT_TARGET = 13.0;
				MARKETING_VERSION = 1.2.9;
				PRODUCT_BUNDLE_IDENTIFIER = com.ct106.sidey;
				PRODUCT_NAME = "$(TARGET_NAME)";
				PROVISIONING_PROFILE_SPECIFIER = "";
				SWIFT_ACTIVE_COMPILATION_CONDITIONS = "DEBUG APPSTORE";
				SWIFT_VERSION = 5.7;
			};
			name = Debug;
		};
		C655F1972F74EA820044CC01 /* Release */ = {
			isa = XCBuildConfiguration;
			buildSettings = {
				ASSETCATALOG_COMPILER_APPICON_NAME = AppIcon;
				ASSETCATALOG_COMPILER_GLOBAL_ACCENT_COLOR_NAME = AccentColor;
				ASSETCATALOG_COMPILER_INCLUDE_ALL_APPICON_ASSETS = YES;
				CODE_SIGN_ENTITLEMENTS = Sidey/Sidey.entitlements;
				CODE_SIGN_IDENTITY = "Apple Development";
				CODE_SIGN_STYLE = Automatic;
				COMBINE_HIDPI_IMAGES = YES;
				CURRENT_PROJECT_VERSION = 43;
				DEAD_CODE_STRIPPING = YES;
				ENABLE_APP_SANDBOX = YES;
				ENABLE_HARDENED_RUNTIME = YES;
				ENABLE_OUTGOING_NETWORK_CONNECTIONS = YES;
				ENABLE_PREVIEWS = YES;
				ENABLE_USER_SELECTED_FILES = readwrite;
				INFOPLIST_FILE = "Sidey-Appstore-Info.plist";
				INFOPLIST_KEY_CFBundleDisplayName = Sidey;
				INFOPLIST_KEY_LSApplicationCategoryType = "public.app-category.utilities";
				LD_RUNPATH_SEARCH_PATHS = (
					"$(inherited)",
					"@executable_path/../Frameworks",
				);
				MACOSX_DEPLOYMENT_TARGET = 13.0;
				MARKETING_VERSION = 1.2.9;
				PRODUCT_BUNDLE_IDENTIFIER = com.ct106.sidey;
				PRODUCT_NAME = "$(TARGET_NAME)";
				PROVISIONING_PROFILE_SPECIFIER = "";
				SWIFT_ACTIVE_COMPILATION_CONDITIONS = APPSTORE;
				SWIFT_VERSION = 5.7;
			};
			name = Release;
		};
		E5A00B0129C12345001A2B3C /* Debug */ = {
			isa = XCBuildConfiguration;
			buildSettings = {
				ASSETCATALOG_COMPILER_APPICON_NAME = AppIcon;
				ASSETCATALOG_COMPILER_GLOBAL_ACCENT_COLOR_NAME = AccentColor;
				ASSETCATALOG_COMPILER_INCLUDE_ALL_APPICON_ASSETS = YES;
				CODE_SIGN_ENTITLEMENTS = Sidey/Sidey.entitlements;
				CODE_SIGN_IDENTITY = "Apple Development";
				CODE_SIGN_STYLE = Automatic;
				COMBINE_HIDPI_IMAGES = YES;
				CURRENT_PROJECT_VERSION = 43;
				DEAD_CODE_STRIPPING = YES;
				ENABLE_APP_SANDBOX = YES;
				ENABLE_HARDENED_RUNTIME = YES;
				ENABLE_OUTGOING_NETWORK_CONNECTIONS = YES;
				ENABLE_PREVIEWS = YES;
				ENABLE_USER_SELECTED_FILES = readwrite;
				INFOPLIST_FILE = Info.plist;
				INFOPLIST_KEY_CFBundleDisplayName = Sidey;
				INFOPLIST_KEY_LSApplicationCategoryType = "public.app-category.utilities";
				LD_RUNPATH_SEARCH_PATHS = (
					"$(inherited)",
					"@executable_path/../Frameworks",
				);
				MACOSX_DEPLOYMENT_TARGET = 13.0;
				MARKETING_VERSION = 1.2.9;
				PRODUCT_BUNDLE_IDENTIFIER = com.ct106.sidey;
				PRODUCT_NAME = "$(TARGET_NAME)";
				PROVISIONING_PROFILE_SPECIFIER = "";
				SWIFT_VERSION = 5.7;
			};
			name = Debug;
		};
		E5A00B0229C12345001A2B3C /* Release */ = {
			isa = XCBuildConfiguration;
			buildSettings = {
				ASSETCATALOG_COMPILER_APPICON_NAME = AppIcon;
				ASSETCATALOG_COMPILER_GLOBAL_ACCENT_COLOR_NAME = AccentColor;
				ASSETCATALOG_COMPILER_INCLUDE_ALL_APPICON_ASSETS = YES;
				CODE_SIGN_ENTITLEMENTS = Sidey/Sidey.entitlements;
				CODE_SIGN_IDENTITY = "Apple Development";
				CODE_SIGN_STYLE = Automatic;
				COMBINE_HIDPI_IMAGES = YES;
				CURRENT_PROJECT_VERSION = 43;
				DEAD_CODE_STRIPPING = YES;
				ENABLE_APP_SANDBOX = YES;
				ENABLE_HARDENED_RUNTIME = YES;
				ENABLE_OUTGOING_NETWORK_CONNECTIONS = YES;
				ENABLE_PREVIEWS = YES;
				ENABLE_USER_SELECTED_FILES = readwrite;
				INFOPLIST_FILE = Info.plist;
				INFOPLIST_KEY_CFBundleDisplayName = Sidey;
				INFOPLIST_KEY_LSApplicationCategoryType = "public.app-category.utilities";
				LD_RUNPATH_SEARCH_PATHS = (
					"$(inherited)",
					"@executable_path/../Frameworks",
				);
				MACOSX_DEPLOYMENT_TARGET = 13.0;
				MARKETING_VERSION = 1.2.9;
				PRODUCT_BUNDLE_IDENTIFIER = com.ct106.sidey;
				PRODUCT_NAME = "$(TARGET_NAME)";
				PROVISIONING_PROFILE_SPECIFIER = "";
				SWIFT_VERSION = 5.7;
			};
			name = Release;
		};
		E5A00B0329C12345001A2B3C /* Debug */ = {
			isa = XCBuildConfiguration;
			buildSettings = {
				ALWAYS_SEARCH_USER_PATHS = NO;
				ASSETCATALOG_COMPILER_APPICON_NAME = AppIcon;
				ASSETCATALOG_COMPILER_GENERATE_SWIFT_ASSET_SYMBOL_EXTENSIONS = YES;
				CLANG_ANALYZER_LOCALIZABILITY_NONLOCALIZED = YES;
				CLANG_ANALYZER_NONNULL = YES;
				CLANG_ANALYZER_NUMBER_OBJECT_CONVERSION = YES_AGGRESSIVE;
				CLANG_CXX_LANGUAGE_STANDARD = "gnu++20";
				CLANG_ENABLE_MODULES = YES;
				CLANG_ENABLE_OBJC_ARC = YES;
				CLANG_ENABLE_OBJC_WEAK = YES;
				CLANG_WARN_BLOCK_CAPTURE_AUTORELEASING = YES;
				CLANG_WARN_BOOL_CONVERSION = YES;
				CLANG_WARN_COMMA = YES;
				CLANG_WARN_CONSTANT_CONVERSION = YES;
				CLANG_WARN_DEPRECATED_OBJC_IMPLEMENTATIONS = YES;
				CLANG_WARN_EMPTY_BODY = YES;
				CLANG_WARN_ENUM_CONVERSION = YES;
				CLANG_WARN_INFINITE_RECURSION = YES;
				CLANG_WARN_INT_CONVERSION = YES;
				CLANG_WARN_NON_LITERAL_NULL_CONVERSION = YES;
				CLANG_WARN_OBJC_IMPLICIT_RETAIN_SELF = YES;
				CLANG_WARN_OBJC_LITERAL_CONVERSION = YES;
				CLANG_WARN_QUOTED_INCLUDE_IN_FRAMEWORK_HEADER = YES;
				CLANG_WARN_RANGE_LOOP_ANALYSIS = YES;
				CLANG_WARN_STRICT_PROTOTYPES = YES;
				CLANG_WARN_SUSPICIOUS_MOVE = YES;
				CLANG_WARN_UNREACHABLE_CODE = YES;
				CLANG_WARN__DUPLICATE_METHOD_MATCH = YES;
				COPY_PHASE_STRIP = NO;
				DEAD_CODE_STRIPPING = YES;
				DEBUG_INFORMATION_FORMAT = dwarf;
				DEVELOPMENT_TEAM = U2NEAJ73J2;
				ENABLE_STRICT_OBJC_MSGSEND = YES;
				ENABLE_TESTABILITY = YES;
				ENABLE_USER_SCRIPT_SANDBOXING = YES;
				GCC_C_LANGUAGE_STANDARD = gnu11;
				GCC_DYNAMIC_NO_PIC = NO;
				GCC_NO_COMMON_BLOCKS = YES;
				GCC_OPTIMIZATION_LEVEL = 0;
				GCC_PREPROCESSOR_DEFINITIONS = (
					"DEBUG=1",
					"$(inherited)",
				);
				GCC_WARN_64_TO_32_BIT_CONVERSION = YES;
				GCC_WARN_ABOUT_RETURN_TYPE = YES_ERROR;
				GCC_WARN_UNDECLARED_SELECTOR = YES;
				GCC_WARN_UNINITIALIZED_AUTOS = YES_AGGRESSIVE;
				GCC_WARN_UNUSED_FUNCTION = YES;
				GCC_WARN_UNUSED_VARIABLE = YES;
				MTL_ENABLE_DEBUG_INFO = INCLUDE_SOURCE;
				MTL_FAST_MATH = YES;
				ONLY_ACTIVE_ARCH = YES;
				SDKROOT = macosx;
				STRING_CATALOG_GENERATE_SYMBOLS = YES;
				SWIFT_ACTIVE_COMPILATION_CONDITIONS = DEBUG;
				SWIFT_OPTIMIZATION_LEVEL = "-Onone";
			};
			name = Debug;
		};
		E5A00B0429C12345001A2B3C /* Release */ = {
			isa = XCBuildConfiguration;
			buildSettings = {
				ALWAYS_SEARCH_USER_PATHS = NO;
				ASSETCATALOG_COMPILER_APPICON_NAME = AppIcon;
				ASSETCATALOG_COMPILER_GENERATE_SWIFT_ASSET_SYMBOL_EXTENSIONS = YES;
				CLANG_ANALYZER_LOCALIZABILITY_NONLOCALIZED = YES;
				CLANG_ANALYZER_NONNULL = YES;
				CLANG_ANALYZER_NUMBER_OBJECT_CONVERSION = YES_AGGRESSIVE;
				CLANG_CXX_LANGUAGE_STANDARD = "gnu++20";
				CLANG_ENABLE_MODULES = YES;
				CLANG_ENABLE_OBJC_ARC = YES;
				CLANG_ENABLE_OBJC_WEAK = YES;
				CLANG_WARN_BLOCK_CAPTURE_AUTORELEASING = YES;
				CLANG_WARN_BOOL_CONVERSION = YES;
				CLANG_WARN_COMMA = YES;
				CLANG_WARN_CONSTANT_CONVERSION = YES;
				CLANG_WARN_DEPRECATED_OBJC_IMPLEMENTATIONS = YES;
				CLANG_WARN_EMPTY_BODY = YES;
				CLANG_WARN_ENUM_CONVERSION = YES;
				CLANG_WARN_INFINITE_RECURSION = YES;
				CLANG_WARN_INT_CONVERSION = YES;
				CLANG_WARN_NON_LITERAL_NULL_CONVERSION = YES;
				CLANG_WARN_OBJC_IMPLICIT_RETAIN_SELF = YES;
				CLANG_WARN_OBJC_LITERAL_CONVERSION = YES;
				CLANG_WARN_QUOTED_INCLUDE_IN_FRAMEWORK_HEADER = YES;
				CLANG_WARN_RANGE_LOOP_ANALYSIS = YES;
				CLANG_WARN_STRICT_PROTOTYPES = YES;
				CLANG_WARN_SUSPICIOUS_MOVE = YES;
				CLANG_WARN_UNREACHABLE_CODE = YES;
				CLANG_WARN__DUPLICATE_METHOD_MATCH = YES;
				COPY_PHASE_STRIP = NO;
				DEAD_CODE_STRIPPING = YES;
				DEBUG_INFORMATION_FORMAT = "dwarf-with-dsym";
				DEVELOPMENT_TEAM = U2NEAJ73J2;
				ENABLE_NS_ASSERTIONS = NO;
				ENABLE_STRICT_OBJC_MSGSEND = YES;
				ENABLE_USER_SCRIPT_SANDBOXING = YES;
				GCC_C_LANGUAGE_STANDARD = gnu11;
				GCC_NO_COMMON_BLOCKS = YES;
				GCC_WARN_64_TO_32_BIT_CONVERSION = YES;
				GCC_WARN_ABOUT_RETURN_TYPE = YES_ERROR;
				GCC_WARN_UNDECLARED_SELECTOR = YES;
				GCC_WARN_UNINITIALIZED_AUTOS = YES_AGGRESSIVE;
				GCC_WARN_UNUSED_FUNCTION = YES;
				GCC_WARN_UNUSED_VARIABLE = YES;
				MTL_ENABLE_DEBUG_INFO = NO;
				MTL_FAST_MATH = YES;
				SDKROOT = macosx;
				STRING_CATALOG_GENERATE_SYMBOLS = YES;
				SWIFT_COMPILATION_MODE = wholemodule;
				SWIFT_OPTIMIZATION_LEVEL = "-O";
			};
			name = Release;
		};
/* End XCBuildConfiguration section */

/* Begin XCConfigurationList section */
		C655F1952F74EA820044CC01 /* Build configuration list for PBXNativeTarget "Sidey-Appstore" */ = {
			isa = XCConfigurationList;
			buildConfigurations = (
				C655F1962F74EA820044CC01 /* Debug */,
				C655F1972F74EA820044CC01 /* Release */,
			);
			defaultConfigurationIsVisible = 0;
			defaultConfigurationName = Release;
		};
		E5A0060129C12345001A2B3C /* Build configuration list for PBXNativeTarget "Sidey" */ = {
			isa = XCConfigurationList;
			buildConfigurations = (
				E5A00B0129C12345001A2B3C /* Debug */,
				E5A00B0229C12345001A2B3C /* Release */,
			);
			defaultConfigurationIsVisible = 0;
			defaultConfigurationName = Release;
		};
		E5A0060229C12345001A2B3C /* Build configuration list for PBXProject "Sidey" */ = {
			isa = XCConfigurationList;
			buildConfigurations = (
				E5A00B0329C12345001A2B3C /* Debug */,
				E5A00B0429C12345001A2B3C /* Release */,
			);
			defaultConfigurationIsVisible = 0;
			defaultConfigurationName = Release;
		};
/* End XCConfigurationList section */

/* Begin XCRemoteSwiftPackageReference section */
		5F14DAAE3C95EB665BCC2671 /* XCRemoteSwiftPackageReference "aptabase-swift" */ = {
			isa = XCRemoteSwiftPackageReference;
			repositoryURL = "https://github.com/aptabase/aptabase-swift.git";
			requirement = {
				branch = main;
				kind = branch;
			};
		};
		C655F17C2F74EA820044CC01 /* XCRemoteSwiftPackageReference "MarkdownUI" */ = {
			isa = XCRemoteSwiftPackageReference;
			repositoryURL = "https://github.com/gonzalezreal/MarkdownUI";
			requirement = {
				kind = upToNextMajorVersion;
				minimumVersion = 2.4.0;
			};
		};
		E5A00A0129C12345001A2B3C /* XCRemoteSwiftPackageReference "MarkdownUI" */ = {
			isa = XCRemoteSwiftPackageReference;
			repositoryURL = "https://github.com/gonzalezreal/MarkdownUI";
			requirement = {
				kind = upToNextMajorVersion;
				minimumVersion = 2.4.0;
			};
		};
		E5A00A0229C12345001A2B3C /* XCRemoteSwiftPackageReference "Sparkle" */ = {
			isa = XCRemoteSwiftPackageReference;
			repositoryURL = "https://github.com/sparkle-project/Sparkle";
			requirement = {
				kind = upToNextMajorVersion;
				minimumVersion = 2.6.0;
			};
		};
/* End XCRemoteSwiftPackageReference section */

/* Begin XCSwiftPackageProductDependency section */
		49FBBE256A8DA1A06B045D64 /* Aptabase */ = {
			isa = XCSwiftPackageProductDependency;
			package = 5F14DAAE3C95EB665BCC2671 /* XCRemoteSwiftPackageReference "aptabase-swift" */;
			productName = Aptabase;
		};
		5961A56CCD5B160925F62BED /* Aptabase */ = {
			isa = XCSwiftPackageProductDependency;
			package = 5F14DAAE3C95EB665BCC2671 /* XCRemoteSwiftPackageReference "aptabase-swift" */;
			productName = Aptabase;
		};
		C655F17B2F74EA820044CC01 /* MarkdownUI */ = {
			isa = XCSwiftPackageProductDependency;
			package = C655F17C2F74EA820044CC01 /* XCRemoteSwiftPackageReference "MarkdownUI" */;
			productName = MarkdownUI;
		};
		E5A0090129C12345001A2B3C /* MarkdownUI */ = {
			isa = XCSwiftPackageProductDependency;
			package = E5A00A0129C12345001A2B3C /* XCRemoteSwiftPackageReference "MarkdownUI" */;
			productName = MarkdownUI;
		};
		E5A0090229C12345001A2B3C /* Sparkle */ = {
			isa = XCSwiftPackageProductDependency;
			package = E5A00A0229C12345001A2B3C /* XCRemoteSwiftPackageReference "Sparkle" */;
			productName = Sparkle;
		};
/* End XCSwiftPackageProductDependency section */
	};
	rootObject = E5A0000029C12345001A2B3C /* Project object */;
}
